
Microsoft Visual Studio Solution File, Format Version 12.00
# Visual Studio Version 16
VisualStudioVersion = 16.0.31605.320
MinimumVisualStudioVersion = 10.0.40219.1
Project("{FAE04EC0-301F-11D3-BF4B-00C04F79EFBC}") = "CoffeeMachine2.0", "CoffeeMachine2.0\CoffeeMachine2.0.csproj", "{AF78A9BF-B2B8-43BD-8D6B-A96FF881F060}"
EndProject
Project("{2150E333-8FDC-42A3-9474-1A3956D46DE8}") = "Solution Items", "Solution Items", "{77DE3AB1-4AFC-4C5D-AF56-8E0B17BD86FA}"
	ProjectSection(SolutionItems) = preProject
		Water.cs = Water.cs
	EndProjectSection
EndProject
Global
	GlobalSection(SolutionConfigurationPlatforms) = preSolution
		Debug|Any CPU = Debug|Any CPU
		Release|Any CPU = Release|Any CPU
	EndGlobalSection
	GlobalSection(ProjectConfigurationPlatforms) = postSolution
		{AF78A9BF-B2B8-43BD-8D6B-A96FF881F060}.Debug|Any CPU.ActiveCfg = Debug|Any CPU
		{AF78A9BF-B2B8-43BD-8D6B-A96FF881F060}.Debug|Any CPU.Build.0 = Debug|Any CPU
		{AF78A9BF-B2B8-43BD-8D6B-A96FF881F060}.Release|Any CPU.ActiveCfg = Release|Any CPU
		{AF78A9BF-B2B8-43BD-8D6B-A96FF881F060}.Release|Any CPU.Build.0 = Release|Any CPU
	EndGlobalSection
	GlobalSection(SolutionProperties) = preSolution
		HideSolutionNode = FALSE
	EndGlobalSection
	GlobalSection(ExtensibilityGlobals) = postSolution
		SolutionGuid = {66CDE192-A957-4D0C-879E-ADFFF5A88229}
	EndGlobalSection
EndGlobal
